// !$*UTF8*$!
{
	archiveVersion = 1;
	classes = {
	};
	objectVersion = 55;
	objects = {

/* Begin PBXBuildFile section */
		F885B2A928BCBDEC0030C3B3 /* AppDelegate.swift in Sources */ = {isa = PBXBuildFile; fileRef = F885B2A828BCBDEC0030C3B3 /* AppDelegate.swift */; };
		F885B2AB28BCBDEC0030C3B3 /* SceneDelegate.swift in Sources */ = {isa = PBXBuildFile; fileRef = F885B2AA28BCBDEC0030C3B3 /* SceneDelegate.swift */; };
		F885B2AD28BCBDEC0030C3B3 /* ViewController.swift in Sources */ = {isa = PBXBuildFile; fileRef = F885B2AC28BCBDEC0030C3B3 /* ViewController.swift */; };
		F885B2B028BCBDEC0030C3B3 /* Main.storyboard in Resources */ = {isa = PBXBuildFile; fileRef = F885B2AE28BCBDEC0030C3B3 /* Main.storyboard */; };
		F885B2B228BCBDED0030C3B3 /* Assets.xcassets in Resources */ = {isa = PBXBuildFile; fileRef = F885B2B128BCBDED0030C3B3 /* Assets.xcassets */; };
		F885B2B528BCBDED0030C3B3 /* LaunchScreen.storyboard in Resources */ = {isa = PBXBuildFile; fileRef = F885B2B328BCBDED0030C3B3 /* LaunchScreen.storyboard */; };
		F885B2C028BCBDED0030C3B3 /* TaskTests.swift in Sources */ = {isa = PBXBuildFile; fileRef = F885B2BF28BCBDED0030C3B3 /* TaskTests.swift */; };
		F885B2CA28BCBDED0030C3B3 /* TaskUITests.swift in Sources */ = {isa = PBXBuildFile; fileRef = F885B2C928BCBDED0030C3B3 /* TaskUITests.swift */; };
		F885B2CC28BCBDED0030C3B3 /* TaskUITestsLaunchTests.swift in Sources */ = {isa = PBXBuildFile; fileRef = F885B2CB28BCBDED0030C3B3 /* TaskUITestsLaunchTests.swift */; };
		F885B2DD28BCC0BA0030C3B3 /* FilePathHandler.swift in Sources */ = {isa = PBXBuildFile; fileRef = F885B2D928BCC0BA0030C3B3 /* FilePathHandler.swift */; };
		F885B2DE28BCC0BA0030C3B3 /* UIImageView+Extensions.swift in Sources */ = {isa = PBXBuildFile; fileRef = F885B2DA28BCC0BA0030C3B3 /* UIImageView+Extensions.swift */; };
		F885B2DF28BCC0BA0030C3B3 /* CommonFile.swift in Sources */ = {isa = PBXBuildFile; fileRef = F885B2DB28BCC0BA0030C3B3 /* CommonFile.swift */; };
		F885B2E028BCC0BA0030C3B3 /* ReachabilityFile.swift in Sources */ = {isa = PBXBuildFile; fileRef = F885B2DC28BCC0BA0030C3B3 /* ReachabilityFile.swift */; };
		F885B2E528BCC1130030C3B3 /* MyIndicator.swift in Sources */ = {isa = PBXBuildFile; fileRef = F885B2E228BCC1130030C3B3 /* MyIndicator.swift */; };
		F885B2E628BCC1130030C3B3 /* ListTableViewCell.swift in Sources */ = {isa = PBXBuildFile; fileRef = F885B2E328BCC1130030C3B3 /* ListTableViewCell.swift */; };
		F885B2E728BCC1130030C3B3 /* ListTableViewCell.xib in Resources */ = {isa = PBXBuildFile; fileRef = F885B2E428BCC1130030C3B3 /* ListTableViewCell.xib */; };
/* End PBXBuildFile section */

/* Begin PBXContainerItemProxy section */
		F885B2BC28BCBDED0030C3B3 /* PBXContainerItemProxy */ = {
			isa = PBXContainerItemProxy;
			containerPortal = F885B29D28BCBDEC0030C3B3 /* Project object */;
			proxyType = 1;
			remoteGlobalIDString = F885B2A428BCBDEC0030C3B3;
			remoteInfo = Task;
		};
		F885B2C628BCBDED0030C3B3 /* PBXContainerItemProxy */ = {
			isa = PBXContainerItemProxy;
			containerPortal = F885B29D28BCBDEC0030C3B3 /* Project object */;
			proxyType = 1;
			remoteGlobalIDString = F885B2A428BCBDEC0030C3B3;
			remoteInfo = Task;
		};
/* End PBXContainerItemProxy section */

/* Begin PBXFileReference section */
		F885B2A528BCBDEC0030C3B3 /* Task.app */ = {isa = PBXFileReference; explicitFileType = wrapper.application; includeInIndex = 0; path = Task.app; sourceTree = BUILT_PRODUCTS_DIR; };
		F885B2A828BCBDEC0030C3B3 /* AppDelegate.swift */ = {isa = PBXFileReference; lastKnownFileType = sourcecode.swift; path = AppDelegate.swift; sourceTree = "<group>"; };
		F885B2AA28BCBDEC0030C3B3 /* SceneDelegate.swift */ = {isa = PBXFileReference; lastKnownFileType = sourcecode.swift; path = SceneDelegate.swift; sourceTree = "<group>"; };
		F885B2AC28BCBDEC0030C3B3 /* ViewController.swift */ = {isa = PBXFileReference; lastKnownFileType = sourcecode.swift; path = ViewController.swift; sourceTree = "<group>"; };
		F885B2AF28BCBDEC0030C3B3 /* Base */ = {isa = PBXFileReference; lastKnownFileType = file.storyboard; name = Base; path = Base.lproj/Main.storyboard; sourceTree = "<group>"; };
		F885B2B128BCBDED0030C3B3 /* Assets.xcassets */ = {isa = PBXFileReference; lastKnownFileType = folder.assetcatalog; path = Assets.xcassets; sourceTree = "<group>"; };
		F885B2B428BCBDED0030C3B3 /* Base */ = {isa = PBXFileReference; lastKnownFileType = file.storyboard; name = Base; path = Base.lproj/LaunchScreen.storyboard; sourceTree = "<group>"; };
		F885B2B628BCBDED0030C3B3 /* Info.plist */ = {isa = PBXFileReference; lastKnownFileType = text.plist.xml; path = Info.plist; sourceTree = "<group>"; };
		F885B2BB28BCBDED0030C3B3 /* TaskTests.xctest */ = {isa = PBXFileReference; explicitFileType = wrapper.cfbundle; includeInIndex = 0; path = TaskTests.xctest; sourceTree = BUILT_PRODUCTS_DIR; };
		F885B2BF28BCBDED0030C3B3 /* TaskTests.swift */ = {isa = PBXFileReference; lastKnownFileType = sourcecode.swift; path = TaskTests.swift; sourceTree = "<group>"; };
		F885B2C528BCBDED0030C3B3 /* TaskUITests.xctest */ = {isa = PBXFileReference; explicitFileType = wrapper.cfbundle; includeInIndex = 0; path = TaskUITests.xctest; sourceTree = BUILT_PRODUCTS_DIR; };
		F885B2C928BCBDED0030C3B3 /* TaskUITests.swift */ = {isa = PBXFileReference; lastKnownFileType = sourcecode.swift; path = TaskUITests.swift; sourceTree = "<group>"; };
		F885B2CB28BCBDED0030C3B3 /* TaskUITestsLaunchTests.swift */ = {isa = PBXFileReference; lastKnownFileType = sourcecode.swift; path = TaskUITestsLaunchTests.swift; sourceTree = "<group>"; };
		F885B2D928BCC0BA0030C3B3 /* FilePathHandler.swift */ = {isa = PBXFileReference; fileEncoding = 4; lastKnownFileType = sourcecode.swift; path = FilePathHandler.swift; sourceTree = "<group>"; };
		F885B2DA28BCC0BA0030C3B3 /* UIImageView+Extensions.swift */ = {isa = PBXFileReference; fileEncoding = 4; lastKnownFileType = sourcecode.swift; path = "UIImageView+Extensions.swift"; sourceTree = "<group>"; };
		F885B2DB28BCC0BA0030C3B3 /* CommonFile.swift */ = {isa = PBXFileReference; fileEncoding = 4; lastKnownFileType = sourcecode.swift; path = CommonFile.swift; sourceTree = "<group>"; };
		F885B2DC28BCC0BA0030C3B3 /* ReachabilityFile.swift */ = {isa = PBXFileReference; fileEncoding = 4; lastKnownFileType = sourcecode.swift; path = ReachabilityFile.swift; sourceTree = "<group>"; };
		F885B2E228BCC1130030C3B3 /* MyIndicator.swift */ = {isa = PBXFileReference; fileEncoding = 4; lastKnownFileType = sourcecode.swift; path = MyIndicator.swift; sourceTree = "<group>"; };
		F885B2E328BCC1130030C3B3 /* ListTableViewCell.swift */ = {isa = PBXFileReference; fileEncoding = 4; lastKnownFileType = sourcecode.swift; path = ListTableViewCell.swift; sourceTree = "<group>"; };
		F885B2E428BCC1130030C3B3 /* ListTableViewCell.xib */ = {isa = PBXFileReference; fileEncoding = 4; lastKnownFileType = file.xib; path = ListTableViewCell.xib; sourceTree = "<group>"; };
/* End PBXFileReference section */

/* Begin PBXFrameworksBuildPhase section */
		F885B2A228BCBDEC0030C3B3 /* Frameworks */ = {
			isa = PBXFrameworksBuildPhase;
			buildActionMask = 2147483647;
			files = (
			);
			runOnlyForDeploymentPostprocessing = 0;
		};
		F885B2B828BCBDED0030C3B3 /* Frameworks */ = {
			isa = PBXFrameworksBuildPhase;
			buildActionMask = 2147483647;
			files = (
			);
			runOnlyForDeploymentPostprocessing = 0;
		};
		F885B2C228BCBDED0030C3B3 /* Frameworks */ = {
			isa = PBXFrameworksBuildPhase;
			buildActionMask = 2147483647;
			files = (
			);
			runOnlyForDeploymentPostprocessing = 0;
		};
/* End PBXFrameworksBuildPhase section */

/* Begin PBXGroup section */
		F885B29C28BCBDEC0030C3B3 = {
			isa = PBXGroup;
			children = (
				F885B2A728BCBDEC0030C3B3 /* Task */,
				F885B2BE28BCBDED0030C3B3 /* TaskTests */,
				F885B2C828BCBDED0030C3B3 /* TaskUITests */,
				F885B2A628BCBDEC0030C3B3 /* Products */,
			);
			sourceTree = "<group>";
		};
		F885B2A628BCBDEC0030C3B3 /* Products */ = {
			isa = PBXGroup;
			children = (
				F885B2A528BCBDEC0030C3B3 /* Task.app */,
				F885B2BB28BCBDED0030C3B3 /* TaskTests.xctest */,
				F885B2C528BCBDED0030C3B3 /* TaskUITests.xctest */,
			);
			name = Products;
			sourceTree = "<group>";
		};
		F885B2A728BCBDEC0030C3B3 /* Task */ = {
			isa = PBXGroup;
			children = (
				F885B2A828BCBDEC0030C3B3 /* AppDelegate.swift */,
				F885B2AA28BCBDEC0030C3B3 /* SceneDelegate.swift */,
				F885B2AC28BCBDEC0030C3B3 /* ViewController.swift */,
				F885B2E128BCC1130030C3B3 /* CustomViews */,
				F885B2D828BCC0BA0030C3B3 /* Utilities */,
				F885B2AE28BCBDEC0030C3B3 /* Main.storyboard */,
				F885B2B128BCBDED0030C3B3 /* Assets.xcassets */,
				F885B2B328BCBDED0030C3B3 /* LaunchScreen.storyboard */,
				F885B2B628BCBDED0030C3B3 /* Info.plist */,
			);
			path = Task;
			sourceTree = "<group>";
		};
		F885B2BE28BCBDED0030C3B3 /* TaskTests */ = {
			isa = PBXGroup;
			children = (
				F885B2BF28BCBDED0030C3B3 /* TaskTests.swift */,
			);
			path = TaskTests;
			sourceTree = "<group>";
		};
		F885B2C828BCBDED0030C3B3 /* TaskUITests */ = {
			isa = PBXGroup;
			children = (
				F885B2C928BCBDED0030C3B3 /* TaskUITests.swift */,
				F885B2CB28BCBDED0030C3B3 /* TaskUITestsLaunchTests.swift */,
			);
			path = TaskUITests;
			sourceTree = "<group>";
		};
		F885B2D828BCC0BA0030C3B3 /* Utilities */ = {
			isa = PBXGroup;
			children = (
				F885B2D928BCC0BA0030C3B3 /* FilePathHandler.swift */,
				F885B2DA28BCC0BA0030C3B3 /* UIImageView+Extensions.swift */,
				F885B2DB28BCC0BA0030C3B3 /* CommonFile.swift */,
				F885B2DC28BCC0BA0030C3B3 /* ReachabilityFile.swift */,
			);
			path = Utilities;
			sourceTree = "<group>";
		};
		F885B2E128BCC1130030C3B3 /* CustomViews */ = {
			isa = PBXGroup;
			children = (
				F885B2E228BCC1130030C3B3 /* MyIndicator.swift */,
				F885B2E328BCC1130030C3B3 /* ListTableViewCell.swift */,
				F885B2E428BCC1130030C3B3 /* ListTableViewCell.xib */,
			);
			path = CustomViews;
			sourceTree = "<group>";
		};
/* End PBXGroup section */

/* Begin PBXNativeTarget section */
		F885B2A428BCBDEC0030C3B3 /* Task */ = {
			isa = PBXNativeTarget;
			buildConfigurationList = F885B2CF28BCBDED0030C3B3 /* Build configuration list for PBXNativeTarget "Task" */;
			buildPhases = (
				F885B2A128BCBDEC0030C3B3 /* Sources */,
				F885B2A228BCBDEC0030C3B3 /* Frameworks */,
				F885B2A328BCBDEC0030C3B3 /* Resources */,
			);
			buildRules = (
			);
			dependencies = (
			);
			name = Task;
			productName = Task;
			productReference = F885B2A528BCBDEC0030C3B3 /* Task.app */;
			productType = "com.apple.product-type.application";
		};
		F885B2BA28BCBDED0030C3B3 /* TaskTests */ = {
			isa = PBXNativeTarget;
			buildConfigurationList = F885B2D228BCBDED0030C3B3 /* Build configuration list for PBXNativeTarget "TaskTests" */;
			buildPhases = (
				F885B2B728BCBDED0030C3B3 /* Sources */,
				F885B2B828BCBDED0030C3B3 /* Frameworks */,
				F885B2B928BCBDED0030C3B3 /* Resources */,
			);
			buildRules = (
			);
			dependencies = (
				F885B2BD28BCBDED0030C3B3 /* PBXTargetDependency */,
			);
			name = TaskTests;
			productName = TaskTests;
			productReference = F885B2BB28BCBDED0030C3B3 /* TaskTests.xctest */;
			productType = "com.apple.product-type.bundle.unit-test";
		};
		F885B2C428BCBDED0030C3B3 /* TaskUITests */ = {
			isa = PBXNativeTarget;
			buildConfigurationList = F885B2D528BCBDED0030C3B3 /* Build configuration list for PBXNativeTarget "TaskUITests" */;
			buildPhases = (
				F885B2C128BCBDED0030C3B3 /* Sources */,
				F885B2C228BCBDED0030C3B3 /* Frameworks */,
				F885B2C328BCBDED0030C3B3 /* Resources */,
			);
			buildRules = (
			);
			dependencies = (
				F885B2C728BCBDED0030C3B3 /* PBXTargetDependency */,
			);
			name = TaskUITests;
			productName = TaskUITests;
			productReference = F885B2C528BCBDED0030C3B3 /* TaskUITests.xctest */;
			productType = "com.apple.product-type.bundle.ui-testing";
		};
/* End PBXNativeTarget section */

/* Begin PBXProject section */
		F885B29D28BCBDEC0030C3B3 /* Project object */ = {
			isa = PBXProject;
			attributes = {
				BuildIndependentTargetsInParallel = 1;
				LastSwiftUpdateCheck = 1340;
				LastUpgradeCheck = 1340;
				TargetAttributes = {
					F885B2A428BCBDEC0030C3B3 = {
						CreatedOnToolsVersion = 13.4.1;
					};
					F885B2BA28BCBDED0030C3B3 = {
						CreatedOnToolsVersion = 13.4.1;
						TestTargetID = F885B2A428BCBDEC0030C3B3;
					};
					F885B2C428BCBDED0030C3B3 = {
						CreatedOnToolsVersion = 13.4.1;
						TestTargetID = F885B2A428BCBDEC0030C3B3;
					};
				};
			};
			buildConfigurationList = F885B2A028BCBDEC0030C3B3 /* Build configuration list for PBXProject "Task" */;
			compatibilityVersion = "Xcode 13.0";
			developmentRegion = en;
			hasScannedForEncodings = 0;
			knownRegions = (
				en,
				Base,
			);
			mainGroup = F885B29C28BCBDEC0030C3B3;
			productRefGroup = F885B2A628BCBDEC0030C3B3 /* Products */;
			projectDirPath = "";
			projectRoot = "";
			targets = (
				F885B2A428BCBDEC0030C3B3 /* Task */,
				F885B2BA28BCBDED0030C3B3 /* TaskTests */,
				F885B2C428BCBDED0030C3B3 /* TaskUITests */,
			);
		};
/* End PBXProject section */

/* Begin PBXResourcesBuildPhase section */
		F885B2A328BCBDEC0030C3B3 /* Resources */ = {
			isa = PBXResourcesBuildPhase;
			buildActionMask = 2147483647;
			files = (
				F885B2B528BCBDED0030C3B3 /* LaunchScreen.storyboard in Resources */,
				F885B2E728BCC1130030C3B3 /* ListTableViewCell.xib in Resources */,
				F885B2B228BCBDED0030C3B3 /* Assets.xcassets in Resources */,
				F885B2B028BCBDEC0030C3B3 /* Main.storyboard in Resources */,
			);
			runOnlyForDeploymentPostprocessing = 0;
		};
		F885B2B928BCBDED0030C3B3 /* Resources */ = {
			isa = PBXResourcesBuildPhase;
			buildActionMask = 2147483647;
			files = (
			);
			runOnlyForDeploymentPostprocessing = 0;
		};
		F885B2C328BCBDED0030C3B3 /* Resources */ = {
			isa = PBXResourcesBuildPhase;
			buildActionMask = 2147483647;
			files = (
			);
			runOnlyForDeploymentPostprocessing = 0;
		};
/* End PBXResourcesBuildPhase section */

/* Begin PBXSourcesBuildPhase section */
		F885B2A128BCBDEC0030C3B3 /* Sources */ = {
			isa = PBXSourcesBuildPhase;
			buildActionMask = 2147483647;
			files = (
				F885B2DE28BCC0BA0030C3B3 /* UIImageView+Extensions.swift in Sources */,
				F885B2AD28BCBDEC0030C3B3 /* ViewController.swift in Sources */,
				F885B2E028BCC0BA0030C3B3 /* ReachabilityFile.swift in Sources */,
				F885B2DF28BCC0BA0030C3B3 /* CommonFile.swift in Sources */,
				F885B2A928BCBDEC0030C3B3 /* AppDelegate.swift in Sources */,
				F885B2E628BCC1130030C3B3 /* ListTableViewCell.swift in Sources */,
				F885B2AB28BCBDEC0030C3B3 /* SceneDelegate.swift in Sources */,
				F885B2DD28BCC0BA0030C3B3 /* FilePathHandler.swift in Sources */,
				F885B2E528BCC1130030C3B3 /* MyIndicator.swift in Sources */,
			);
			runOnlyForDeploymentPostprocessing = 0;
		};
		F885B2B728BCBDED0030C3B3 /* Sources */ = {
			isa = PBXSourcesBuildPhase;
			buildActionMask = 2147483647;
			files = (
				F885B2C028BCBDED0030C3B3 /* TaskTests.swift in Sources */,
			);
			runOnlyForDeploymentPostprocessing = 0;
		};
		F885B2C128BCBDED0030C3B3 /* Sources */ = {
			isa = PBXSourcesBuildPhase;
			buildActionMask = 2147483647;
			files = (
				F885B2CA28BCBDED0030C3B3 /* TaskUITests.swift in Sources */,
				F885B2CC28BCBDED0030C3B3 /* TaskUITestsLaunchTests.swift in Sources */,
			);
			runOnlyForDeploymentPostprocessing = 0;
		};
/* End PBXSourcesBuildPhase section */

/* Begin PBXTargetDependency section */
		F885B2BD28BCBDED0030C3B3 /* PBXTargetDependency */ = {
			isa = PBXTargetDependency;
			target = F885B2A428BCBDEC0030C3B3 /* Task */;
			targetProxy = F885B2BC28BCBDED0030C3B3 /* PBXContainerItemProxy */;
		};
		F885B2C728BCBDED0030C3B3 /* PBXTargetDependency */ = {
			isa = PBXTargetDependency;
			target = F885B2A428BCBDEC0030C3B3 /* Task */;
			targetProxy = F885B2C628BCBDED0030C3B3 /* PBXContainerItemProxy */;
		};
/* End PBXTargetDependency section */

/* Begin PBXVariantGroup section */
		F885B2AE28BCBDEC0030C3B3 /* Main.storyboard */ = {
			isa = PBXVariantGroup;
			children = (
				F885B2AF28BCBDEC0030C3B3 /* Base */,
			);
			name = Main.storyboard;
			sourceTree = "<group>";
		};
		F885B2B328BCBDED0030C3B3 /* LaunchScreen.storyboard */ = {
			isa = PBXVariantGroup;
			children = (
				F885B2B428BCBDED0030C3B3 /* Base */,
			);
			name = LaunchScreen.storyboard;
			sourceTree = "<group>";
		};
/* End PBXVariantGroup section */

/* Begin XCBuildConfiguration section */
		F885B2CD28BCBDED0030C3B3 /* Debug */ = {
			isa = XCBuildConfiguration;
			buildSettings = {
				ALWAYS_SEARCH_USER_PATHS = NO;
				CLANG_ANALYZER_NONNULL = YES;
				CLANG_ANALYZER_NUMBER_OBJECT_CONVERSION = YES_AGGRESSIVE;
				CLANG_CXX_LANGUAGE_STANDARD = "gnu++17";
				CLANG_ENABLE_MODULES = YES;
				CLANG_ENABLE_OBJC_ARC = YES;
				CLANG_ENABLE_OBJC_WEAK = YES;
				CLANG_WARN_BLOCK_CAPTURE_AUTORELEASING = YES;
				CLANG_WARN_BOOL_CONVERSION = YES;
				CLANG_WARN_COMMA = YES;
				CLANG_WARN_CONSTANT_CONVERSION = YES;
				CLANG_WARN_DEPRECATED_OBJC_IMPLEMENTATIONS = YES;
				CLANG_WARN_DIRECT_OBJC_ISA_USAGE = YES_ERROR;
				CLANG_WARN_DOCUMENTATION_COMMENTS = YES;
				CLANG_WARN_EMPTY_BODY = YES;
				CLANG_WARN_ENUM_CONVERSION = YES;
				CLANG_WARN_INFINITE_RECURSION = YES;
				CLANG_WARN_INT_CONVERSION = YES;
				CLANG_WARN_NON_LITERAL_NULL_CONVERSION = YES;
				CLANG_WARN_OBJC_IMPLICIT_RETAIN_SELF = YES;
				CLANG_WARN_OBJC_LITERAL_CONVERSION = YES;
				CLANG_WARN_OBJC_ROOT_CLASS = YES_ERROR;
				CLANG_WARN_QUOTED_INCLUDE_IN_FRAMEWORK_HEADER = YES;
				CLANG_WARN_RANGE_LOOP_ANALYSIS = YES;
				CLANG_WARN_STRICT_PROTOTYPES = YES;
				CLANG_WARN_SUSPICIOUS_MOVE = YES;
				CLANG_WARN_UNGUARDED_AVAILABILITY = YES_AGGRESSIVE;
				CLANG_WARN_UNREACHABLE_CODE = YES;
				CLANG_WARN__DUPLICATE_METHOD_MATCH = YES;
				COPY_PHASE_STRIP = NO;
				DEBUG_INFORMATION_FORMAT = dwarf;
				ENABLE_STRICT_OBJC_MSGSEND = YES;
				ENABLE_TESTABILITY = YES;
				GCC_C_LANGUAGE_STANDARD = gnu11;
				GCC_DYNAMIC_NO_PIC = NO;
				GCC_NO_COMMON_BLOCKS = YES;
				GCC_OPTIMIZATION_LEVEL = 0;
				GCC_PREPROCESSOR_DEFINITIONS = (
					"DEBUG=1",
					"$(inherited)",
				);
				GCC_WARN_64_TO_32_BIT_CONVERSION = YES;
				GCC_WARN_ABOUT_RETURN_TYPE = YES_ERROR;
				GCC_WARN_UNDECLARED_SELECTOR = YES;
				GCC_WARN_UNINITIALIZED_AUTOS = YES_AGGRESSIVE;
				GCC_WARN_UNUSED_FUNCTION = YES;
				GCC_WARN_UNUSED_VARIABLE = YES;
				IPHONEOS_DEPLOYMENT_TARGET = 15.5;
				MTL_ENABLE_DEBUG_INFO = INCLUDE_SOURCE;
				MTL_FAST_MATH = YES;
				ONLY_ACTIVE_ARCH = YES;
				SDKROOT = iphoneos;
				SWIFT_ACTIVE_COMPILATION_CONDITIONS = DEBUG;
				SWIFT_OPTIMIZATION_LEVEL = "-Onone";
			};
			name = Debug;
		};
		F885B2CE28BCBDED0030C3B3 /* Release */ = {
			isa = XCBuildConfiguration;
			buildSettings = {
				ALWAYS_SEARCH_USER_PATHS = NO;
				CLANG_ANALYZER_NONNULL = YES;
				CLANG_ANALYZER_NUMBER_OBJECT_CONVERSION = YES_AGGRESSIVE;
				CLANG_CXX_LANGUAGE_STANDARD = "gnu++17";
				CLANG_ENABLE_MODULES = YES;
				CLANG_ENABLE_OBJC_ARC = YES;
				CLANG_ENABLE_OBJC_WEAK = YES;
				CLANG_WARN_BLOCK_CAPTURE_AUTORELEASING = YES;
				CLANG_WARN_BOOL_CONVERSION = YES;
				CLANG_WARN_COMMA = YES;
				CLANG_WARN_CONSTANT_CONVERSION = YES;
				CLANG_WARN_DEPRECATED_OBJC_IMPLEMENTATIONS = YES;
				CLANG_WARN_DIRECT_OBJC_ISA_USAGE = YES_ERROR;
				CLANG_WARN_DOCUMENTATION_COMMENTS = YES;
				CLANG_WARN_EMPTY_BODY = YES;
				CLANG_WARN_ENUM_CONVERSION = YES;
				CLANG_WARN_INFINITE_RECURSION = YES;
				CLANG_WARN_INT_CONVERSION = YES;
				CLANG_WARN_NON_LITERAL_NULL_CONVERSION = YES;
				CLANG_WARN_OBJC_IMPLICIT_RETAIN_SELF = YES;
				CLANG_WARN_OBJC_LITERAL_CONVERSION = YES;
				CLANG_WARN_OBJC_ROOT_CLASS = YES_ERROR;
				CLANG_WARN_QUOTED_INCLUDE_IN_FRAMEWORK_HEADER = YES;
				CLANG_WARN_RANGE_LOOP_ANALYSIS = YES;
				CLANG_WARN_STRICT_PROTOTYPES = YES;
				CLANG_WARN_SUSPICIOUS_MOVE = YES;
				CLANG_WARN_UNGUARDED_AVAILABILITY = YES_AGGRESSIVE;
				CLANG_WARN_UNREACHABLE_CODE = YES;
				CLANG_WARN__DUPLICATE_METHOD_MATCH = YES;
				COPY_PHASE_STRIP = NO;
				DEBUG_INFORMATION_FORMAT = "dwarf-with-dsym";
				ENABLE_NS_ASSERTIONS = NO;
				ENABLE_STRICT_OBJC_MSGSEND = YES;
				GCC_C_LANGUAGE_STANDARD = gnu11;
				GCC_NO_COMMON_BLOCKS = YES;
				GCC_WARN_64_TO_32_BIT_CONVERSION = YES;
				GCC_WARN_ABOUT_RETURN_TYPE = YES_ERROR;
				GCC_WARN_UNDECLARED_SELECTOR = YES;
				GCC_WARN_UNINITIALIZED_AUTOS = YES_AGGRESSIVE;
				GCC_WARN_UNUSED_FUNCTION = YES;
				GCC_WARN_UNUSED_VARIABLE = YES;
				IPHONEOS_DEPLOYMENT_TARGET = 15.5;
				MTL_ENABLE_DEBUG_INFO = NO;
				MTL_FAST_MATH = YES;
				SDKROOT = iphoneos;
				SWIFT_COMPILATION_MODE = wholemodule;
				SWIFT_OPTIMIZATION_LEVEL = "-O";
				VALIDATE_PRODUCT = YES;
			};
			name = Release;
		};
		F885B2D028BCBDED0030C3B3 /* Debug */ = {
			isa = XCBuildConfiguration;
			buildSettings = {
				ASSETCATALOG_COMPILER_APPICON_NAME = AppIcon;
				ASSETCATALOG_COMPILER_GLOBAL_ACCENT_COLOR_NAME = AccentColor;
				CODE_SIGN_STYLE = Automatic;
				CURRENT_PROJECT_VERSION = 1;
				GENERATE_INFOPLIST_FILE = YES;
				INFOPLIST_FILE = Task/Info.plist;
				INFOPLIST_KEY_UIApplicationSupportsIndirectInputEvents = YES;
				INFOPLIST_KEY_UILaunchStoryboardName = LaunchScreen;
				INFOPLIST_KEY_UIMainStoryboardFile = Main;
				INFOPLIST_KEY_UISupportedInterfaceOrientations_iPad = "UIInterfaceOrientationPortrait UIInterfaceOrientationPortraitUpsideDown UIInterfaceOrientationLandscapeLeft UIInterfaceOrientationLandscapeRight";
				INFOPLIST_KEY_UISupportedInterfaceOrientations_iPhone = "UIInterfaceOrientationPortrait UIInterfaceOrientationLandscapeLeft UIInterfaceOrientationLandscapeRight";
				LD_RUNPATH_SEARCH_PATHS = (
					"$(inherited)",
					"@executable_path/Frameworks",
				);
				MARKETING_VERSION = 1.0;
				PRODUCT_BUNDLE_IDENTIFIER = com.sample.Task;
				PRODUCT_NAME = "$(TARGET_NAME)";
				SWIFT_EMIT_LOC_STRINGS = YES;
				SWIFT_VERSION = 5.0;
				TARGETED_DEVICE_FAMILY = "1,2";
			};
			name = Debug;
		};
		F885B2D128BCBDED0030C3B3 /* Release */ = {
			isa = XCBuildConfiguration;
			buildSettings = {
				ASSETCATALOG_COMPILER_APPICON_NAME = AppIcon;
				ASSETCATALOG_COMPILER_GLOBAL_ACCENT_COLOR_NAME = AccentColor;
				CODE_SIGN_STYLE = Automatic;
				CURRENT_PROJECT_VERSION = 1;
				GENERATE_INFOPLIST_FILE = YES;
				INFOPLIST_FILE = Task/Info.plist;
				INFOPLIST_KEY_UIApplicationSupportsIndirectInputEvents = YES;
				INFOPLIST_KEY_UILaunchStoryboardName = LaunchScreen;
				INFOPLIST_KEY_UIMainStoryboardFile = Main;
				INFOPLIST_KEY_UISupportedInterfaceOrientations_iPad = "UIInterfaceOrientationPortrait UIInterfaceOrientationPortraitUpsideDown UIInterfaceOrientationLandscapeLeft UIInterfaceOrientationLandscapeRight";
				INFOPLIST_KEY_UISupportedInterfaceOrientations_iPhone = "UIInterfaceOrientationPortrait UIInterfaceOrientationLandscapeLeft UIInterfaceOrientationLandscapeRight";
				LD_RUNPATH_SEARCH_PATHS = (
					"$(inherited)",
					"@executable_path/Frameworks",
				);
				MARKETING_VERSION = 1.0;
				PRODUCT_BUNDLE_IDENTIFIER = com.sample.Task;
				PRODUCT_NAME = "$(TARGET_NAME)";
				SWIFT_EMIT_LOC_STRINGS = YES;
				SWIFT_VERSION = 5.0;
				TARGETED_DEVICE_FAMILY = "1,2";
			};
			name = Release;
		};
		F885B2D328BCBDED0030C3B3 /* Debug */ = {
			isa = XCBuildConfiguration;
			buildSettings = {
				ALWAYS_EMBED_SWIFT_STANDARD_LIBRARIES = YES;
				BUNDLE_LOADER = "$(TEST_HOST)";
				CODE_SIGN_STYLE = Automatic;
				CURRENT_PROJECT_VERSION = 1;
				GENERATE_INFOPLIST_FILE = YES;
				IPHONEOS_DEPLOYMENT_TARGET = 15.5;
				MARKETING_VERSION = 1.0;
				PRODUCT_BUNDLE_IDENTIFIER = com.sample.TaskTests;
				PRODUCT_NAME = "$(TARGET_NAME)";
				SWIFT_EMIT_LOC_STRINGS = NO;
				SWIFT_VERSION = 5.0;
				TARGETED_DEVICE_FAMILY = "1,2";
				TEST_HOST = "$(BUILT_PRODUCTS_DIR)/Task.app/Task";
			};
			name = Debug;
		};
		F885B2D428BCBDED0030C3B3 /* Release */ = {
			isa = XCBuildConfiguration;
			buildSettings = {
				ALWAYS_EMBED_SWIFT_STANDARD_LIBRARIES = YES;
				BUNDLE_LOADER = "$(TEST_HOST)";
				CODE_SIGN_STYLE = Automatic;
				CURRENT_PROJECT_VERSION = 1;
				GENERATE_INFOPLIST_FILE = YES;
				IPHONEOS_DEPLOYMENT_TARGET = 15.5;
				MARKETING_VERSION = 1.0;
				PRODUCT_BUNDLE_IDENTIFIER = com.sample.TaskTests;
				PRODUCT_NAME = "$(TARGET_NAME)";
				SWIFT_EMIT_LOC_STRINGS = NO;
				SWIFT_VERSION = 5.0;
				TARGETED_DEVICE_FAMILY = "1,2";
				TEST_HOST = "$(BUILT_PRODUCTS_DIR)/Task.app/Task";
			};
			name = Release;
		};
		F885B2D628BCBDED0030C3B3 /* Debug */ = {
			isa = XCBuildConfiguration;
			buildSettings = {
				ALWAYS_EMBED_SWIFT_STANDARD_LIBRARIES = YES;
				CODE_SIGN_STYLE = Automatic;
				CURRENT_PROJECT_VERSION = 1;
				GENERATE_INFOPLIST_FILE = YES;
				MARKETING_VERSION = 1.0;
				PRODUCT_BUNDLE_IDENTIFIER = com.sample.TaskUITests;
				PRODUCT_NAME = "$(TARGET_NAME)";
				SWIFT_EMIT_LOC_STRINGS = NO;
				SWIFT_VERSION = 5.0;
				TARGETED_DEVICE_FAMILY = "1,2";
				TEST_TARGET_NAME = Task;
			};
			name = Debug;
		};
		F885B2D728BCBDED0030C3B3 /* Release */ = {
			isa = XCBuildConfiguration;
			buildSettings = {
				ALWAYS_EMBED_SWIFT_STANDARD_LIBRARIES = YES;
				CODE_SIGN_STYLE = Automatic;
				CURRENT_PROJECT_VERSION = 1;
				GENERATE_INFOPLIST_FILE = YES;
				MARKETING_VERSION = 1.0;
				PRODUCT_BUNDLE_IDENTIFIER = com.sample.TaskUITests;
				PRODUCT_NAME = "$(TARGET_NAME)";
				SWIFT_EMIT_LOC_STRINGS = NO;
				SWIFT_VERSION = 5.0;
				TARGETED_DEVICE_FAMILY = "1,2";
				TEST_TARGET_NAME = Task;
			};
			name = Release;
		};
/* End XCBuildConfiguration section */

/* Begin XCConfigurationList section */
		F885B2A028BCBDEC0030C3B3 /* Build configuration list for PBXProject "Task" */ = {
			isa = XCConfigurationList;
			buildConfigurations = (
				F885B2CD28BCBDED0030C3B3 /* Debug */,
				F885B2CE28BCBDED0030C3B3 /* Release */,
			);
			defaultConfigurationIsVisible = 0;
			defaultConfigurationName = Release;
		};
		F885B2CF28BCBDED0030C3B3 /* Build configuration list for PBXNativeTarget "Task" */ = {
			isa = XCConfigurationList;
			buildConfigurations = (
				F885B2D028BCBDED0030C3B3 /* Debug */,
				F885B2D128BCBDED0030C3B3 /* Release */,
			);
			defaultConfigurationIsVisible = 0;
			defaultConfigurationName = Release;
		};
		F885B2D228BCBDED0030C3B3 /* Build configuration list for PBXNativeTarget "TaskTests" */ = {
			isa = XCConfigurationList;
			buildConfigurations = (
				F885B2D328BCBDED0030C3B3 /* Debug */,
				F885B2D428BCBDED0030C3B3 /* Release */,
			);
			defaultConfigurationIsVisible = 0;
			defaultConfigurationName = Release;
		};
		F885B2D528BCBDED0030C3B3 /* Build configuration list for PBXNativeTarget "TaskUITests" */ = {
			isa = XCConfigurationList;
			buildConfigurations = (
				F885B2D628BCBDED0030C3B3 /* Debug */,
				F885B2D728BCBDED0030C3B3 /* Release */,
			);
			defaultConfigurationIsVisible = 0;
			defaultConfigurationName = Release;
		};
/* End XCConfigurationList section */
	};
	rootObject = F885B29D28BCBDEC0030C3B3 /* Project object */;
}
